
Microsoft Visual Studio Solution File, Format Version 12.00
# Visual Studio Version 17
VisualStudioVersion = 17.9.34728.123
MinimumVisualStudioVersion = 10.0.40219.1
Project("{FAE04EC0-301F-11D3-BF4B-00C04F79EFBC}") = "APBD3", "APBD3\APBD3.csproj", "{474BE55D-9055-46FA-A0FC-7E7173574FE0}"
EndProject
Global
	GlobalSection(SolutionConfigurationPlatforms) = preSolution
		Debug|Any CPU = Debug|Any CPU
		Release|Any CPU = Release|Any CPU
	EndGlobalSection
	GlobalSection(ProjectConfigurationPlatforms) = postSolution
		{474BE55D-9055-46FA-A0FC-7E7173574FE0}.Debug|Any CPU.ActiveCfg = Debug|Any CPU
		{474BE55D-9055-46FA-A0FC-7E7173574FE0}.Debug|Any CPU.Build.0 = Debug|Any CPU
		{474BE55D-9055-46FA-A0FC-7E7173574FE0}.Release|Any CPU.ActiveCfg = Release|Any CPU
		{474BE55D-9055-46FA-A0FC-7E7173574FE0}.Release|Any CPU.Build.0 = Release|Any CPU
	EndGlobalSection
	GlobalSection(SolutionProperties) = preSolution
		HideSolutionNode = FALSE
	EndGlobalSection
	GlobalSection(ExtensibilityGlobals) = postSolution
		SolutionGuid = {1092A8FA-8FFF-4F0F-B4F7-40A61C4A57AA}
	EndGlobalSection
EndGlobal
